
Microsoft Visual Studio Solution File, Format Version 12.00
# Visual Studio Version 17
VisualStudioVersion = 17.1.32328.378
MinimumVisualStudioVersion = 10.0.40219.1
Project("{FAE04EC0-301F-11D3-BF4B-00C04F79EFBC}") = "TestVaultRefOnAZFunctionV4Isolated", "TestVaultRefOnAZFunctionV4Isolated\TestVaultRefOnAZFunctionV4Isolated.csproj", "{BC62969E-9450-46D4-92B9-ED4D7D892DF4}"
EndProject
Global
	GlobalSection(SolutionConfigurationPlatforms) = preSolution
		Debug|Any CPU = Debug|Any CPU
		Release|Any CPU = Release|Any CPU
	EndGlobalSection
	GlobalSection(ProjectConfigurationPlatforms) = postSolution
		{BC62969E-9450-46D4-92B9-ED4D7D892DF4}.Debug|Any CPU.ActiveCfg = Debug|Any CPU
		{BC62969E-9450-46D4-92B9-ED4D7D892DF4}.Debug|Any CPU.Build.0 = Debug|Any CPU
		{BC62969E-9450-46D4-92B9-ED4D7D892DF4}.Release|Any CPU.ActiveCfg = Release|Any CPU
		{BC62969E-9450-46D4-92B9-ED4D7D892DF4}.Release|Any CPU.Build.0 = Release|Any CPU
	EndGlobalSection
	GlobalSection(SolutionProperties) = preSolution
		HideSolutionNode = FALSE
	EndGlobalSection
	GlobalSection(ExtensibilityGlobals) = postSolution
		SolutionGuid = {392D57E5-5378-4F44-912B-E4A5278D0A15}
	EndGlobalSection
EndGlobal
